{
    "_readme": [
        "This file locks the dependencies of your project to a known state",
        "Read more about it at http://getcomposer.org/doc/01-basic-usage.md#composer-lock-the-lock-file",
        "This file is @generated automatically"
    ],
    "hash": "6a66c059dd9fa15f6fd5694e2b27e413",
    "packages": [
        {
            "name": "matyhtf/swoole_framework",
            "version": "dev-master",
            "source": {
                "type": "git",
                "url": "https://github.com/swoole/framework.git",
                "reference": "ba9d5249272af01e2f03bcd826f2af620d15e10b"
            },
            "dist": {
                "type": "zip",
                "url": "https://api.github.com/repos/swoole/framework/zipball/ba9d5249272af01e2f03bcd826f2af620d15e10b",
                "reference": "ba9d5249272af01e2f03bcd826f2af620d15e10b",
                "shasum": ""
            },
            "type": "library",
            "autoload": {
                "psr-0": {
                    "Swoole": "libs/"
                }
            },
            "notification-url": "https://packagist.org/downloads/",
            "license": [
                "LGPL"
            ],
            "authors": [
                {
                    "name": "Tianfeng Han",
                    "email": "mikan.tenny@gmail.com"
                }
            ],
            "description": "PHP Networking framework & Application Server.",
            "homepage": "http://www.swoole.com/",
            "keywords": [
                "Socket",
                "client",
                "framework",
                "library",
                "server",
                "webserver",
                "websocket"
            ],
            "time": "2015-01-15 07:54:17"
        }
    ],
    "packages-dev": [],
    "aliases": [],
    "minimum-stability": "stable",
    "stability-flags": {
        "matyhtf/swoole_framework": 20
    },
    "prefer-stable": false,
    "platform": [],
    "platform-dev": []
}
